github.com/BurntSushi/toml v0.3.1 h1:WXkYYl6Yr3qBf1K79EBnL4mak0OimBfB0XUf9Vl28OQ=
github.com/BurntSushi/toml v0.3.1/go.mod h1:xHWCNGjB5oqiDr8zfno3MHue2Ht5sIBksp03qcyfWMU=
github.com/tidwall/gjson v1.2.1 h1:j0efZLrZUvNerEf6xqoi0NjWMK5YlLrR7Guo/dxY174=
github.com/tidwall/gjson v1.2.1/go.mod h1:c/nTNbUr0E0OrXEhq1pwa8iEgc2DOt4ZZqAt1HtCkPA=
github.com/tidwall/match v1.0.1 h1:PnKP62LPNxHKTwvHHZZzdOAOCtsJTjo6dZLCwpKm5xc=
github.com/tidwall/match v1.0.1/go.mod h1:LujAq0jyVjBy028G1WhWfIzbpQfMO8bBZ6Tyb0+pL9E=
github.com/tidwall/pretty v0.0.0-20190325153808-1166b9ac2b65 h1:rQ229MBgvW68s1/g6f1/63TgYwYxfF4E+bi/KC19P8g=
github.com/tidwall/pretty v0.0.0-20190325153808-1166b9ac2b65/go.mod h1:XNkn88O1ChpSDQmQeStsy+sBenx6DDtFZJxhVysOjyk=
